
Microsoft Visual Studio Solution File, Format Version 12.00
# Visual Studio Version 17
VisualStudioVersion = 17.5.002.0
MinimumVisualStudioVersion = 10.0.40219.1
Project("{9A19103F-16F7-4668-BE54-9A1E7A4F7556}") = "APL2003", "APL2003.csproj", "{F7D8A7E5-61F6-42FF-8293-AA0CEC34CC3B}"
EndProject
Global
	GlobalSection(SolutionConfigurationPlatforms) = preSolution
		Debug|Any CPU = Debug|Any CPU
		Release|Any CPU = Release|Any CPU
	EndGlobalSection
	GlobalSection(ProjectConfigurationPlatforms) = postSolution
		{F7D8A7E5-61F6-42FF-8293-AA0CEC34CC3B}.Debug|Any CPU.ActiveCfg = Debug|Any CPU
		{F7D8A7E5-61F6-42FF-8293-AA0CEC34CC3B}.Debug|Any CPU.Build.0 = Debug|Any CPU
		{F7D8A7E5-61F6-42FF-8293-AA0CEC34CC3B}.Release|Any CPU.ActiveCfg = Release|Any CPU
		{F7D8A7E5-61F6-42FF-8293-AA0CEC34CC3B}.Release|Any CPU.Build.0 = Release|Any CPU
	EndGlobalSection
	GlobalSection(SolutionProperties) = preSolution
		HideSolutionNode = FALSE
	EndGlobalSection
	GlobalSection(ExtensibilityGlobals) = postSolution
		SolutionGuid = {805C10BF-5AEB-4F7C-9F8F-7FA524EF86E3}
	EndGlobalSection
EndGlobal
